
Microsoft Visual Studio Solution File, Format Version 12.00
Project("{FAE04EC0-301F-11D3-BF4B-00C04F79EFBC}") = "Service", "Service\Service.csproj", "{B7A92C6E-D29B-4544-AD4F-9D8348FA82C7}"
EndProject
Project("{FAE04EC0-301F-11D3-BF4B-00C04F79EFBC}") = "API", "API\API.csproj", "{FA8DC5E8-13ED-4D34-997C-3D06BA386D5D}"
EndProject
Project("{2150E333-8FDC-42A3-9474-1A3956D46DE8}") = "1.Api", "1.Api", "{3A952AA0-3D0B-41E0-B335-93B771AF618E}"
EndProject
Project("{2150E333-8FDC-42A3-9474-1A3956D46DE8}") = "2.Service", "2.Service", "{A1682455-2E74-4731-A8B3-45F4F52B72E7}"
EndProject
Global
	GlobalSection(SolutionConfigurationPlatforms) = preSolution
		Debug|Any CPU = Debug|Any CPU
		Release|Any CPU = Release|Any CPU
	EndGlobalSection
	GlobalSection(ProjectConfigurationPlatforms) = postSolution
		{B7A92C6E-D29B-4544-AD4F-9D8348FA82C7}.Debug|Any CPU.ActiveCfg = Debug|Any CPU
		{B7A92C6E-D29B-4544-AD4F-9D8348FA82C7}.Debug|Any CPU.Build.0 = Debug|Any CPU
		{B7A92C6E-D29B-4544-AD4F-9D8348FA82C7}.Release|Any CPU.ActiveCfg = Release|Any CPU
		{B7A92C6E-D29B-4544-AD4F-9D8348FA82C7}.Release|Any CPU.Build.0 = Release|Any CPU
		{FA8DC5E8-13ED-4D34-997C-3D06BA386D5D}.Debug|Any CPU.ActiveCfg = Debug|Any CPU
		{FA8DC5E8-13ED-4D34-997C-3D06BA386D5D}.Debug|Any CPU.Build.0 = Debug|Any CPU
		{FA8DC5E8-13ED-4D34-997C-3D06BA386D5D}.Release|Any CPU.ActiveCfg = Release|Any CPU
		{FA8DC5E8-13ED-4D34-997C-3D06BA386D5D}.Release|Any CPU.Build.0 = Release|Any CPU
	EndGlobalSection
	GlobalSection(NestedProjects) = preSolution
		{FA8DC5E8-13ED-4D34-997C-3D06BA386D5D} = {3A952AA0-3D0B-41E0-B335-93B771AF618E}
		{B7A92C6E-D29B-4544-AD4F-9D8348FA82C7} = {A1682455-2E74-4731-A8B3-45F4F52B72E7}
	EndGlobalSection
EndGlobal
